
Microsoft Visual Studio Solution File, Format Version 12.00
# Visual Studio Version 17
VisualStudioVersion = 17.0.31903.59
MinimumVisualStudioVersion = 10.0.40219.1
Project("{FAE04EC0-301F-11D3-BF4B-00C04F79EFBC}") = "SuavoAgent.Contracts", "src\SuavoAgent.Contracts\SuavoAgent.Contracts.csproj", "{A1B2C3D4-1111-1111-1111-000000000001}"
EndProject
Project("{FAE04EC0-301F-11D3-BF4B-00C04F79EFBC}") = "SuavoAgent.Core", "src\SuavoAgent.Core\SuavoAgent.Core.csproj", "{A1B2C3D4-2222-2222-2222-000000000002}"
EndProject
Project("{FAE04EC0-301F-11D3-BF4B-00C04F79EFBC}") = "SuavoAgent.Adapters.PioneerRx", "src\SuavoAgent.Adapters.PioneerRx\SuavoAgent.Adapters.PioneerRx.csproj", "{A1B2C3D4-3333-3333-3333-000000000003}"
EndProject
Project("{FAE04EC0-301F-11D3-BF4B-00C04F79EFBC}") = "SuavoAgent.Contracts.Tests", "tests\SuavoAgent.Contracts.Tests\SuavoAgent.Contracts.Tests.csproj", "{A1B2C3D4-4444-4444-4444-000000000004}"
EndProject
Project("{FAE04EC0-301F-11D3-BF4B-00C04F79EFBC}") = "SuavoAgent.Core.Tests", "tests\SuavoAgent.Core.Tests\SuavoAgent.Core.Tests.csproj", "{A1B2C3D4-5555-5555-5555-000000000005}"
EndProject
Project("{FAE04EC0-301F-11D3-BF4B-00C04F79EFBC}") = "SuavoAgent.Adapters.PioneerRx.Tests", "tests\SuavoAgent.Adapters.PioneerRx.Tests\SuavoAgent.Adapters.PioneerRx.Tests.csproj", "{A1B2C3D4-6666-6666-6666-000000000006}"
EndProject
Project("{FAE04EC0-301F-11D3-BF4B-00C04F79EFBC}") = "SuavoAgent.Broker", "src\SuavoAgent.Broker\SuavoAgent.Broker.csproj", "{A1B2C3D4-7777-7777-7777-000000000007}"
EndProject
Project("{FAE04EC0-301F-11D3-BF4B-00C04F79EFBC}") = "SuavoAgent.Helper", "src\SuavoAgent.Helper\SuavoAgent.Helper.csproj", "{A1B2C3D4-8888-8888-8888-000000000008}"
EndProject
Project("{2150E333-8FDC-42A3-9474-1A3956D46DE8}") = "src", "src", "{6DAB3597-E396-48AA-865A-6F01D958D91B}"
EndProject
Project("{FAE04EC0-301F-11D3-BF4B-00C04F79EFBC}") = "SuavoAgent.Setup", "src\SuavoAgent.Setup\SuavoAgent.Setup.csproj", "{3F4F7656-F20E-4E50-BDE4-1C3EE8AB5A18}"
EndProject
Project("{2150E333-8FDC-42A3-9474-1A3956D46DE8}") = "tests", "tests", "{81E7C2A3-67EE-43EE-963B-5B814870A94E}"
EndProject
Project("{FAE04EC0-301F-11D3-BF4B-00C04F79EFBC}") = "SuavoAgent.Helper.Tests", "tests\SuavoAgent.Helper.Tests\SuavoAgent.Helper.Tests.csproj", "{68FD1BD2-D7CF-4A33-B639-0AC8A824DF20}"
EndProject
Project("{FAE04EC0-301F-11D3-BF4B-00C04F79EFBC}") = "SuavoAgent.Setup.Tests", "tests\SuavoAgent.Setup.Tests\SuavoAgent.Setup.Tests.csproj", "{CD69FF32-3DB3-4D3F-B1E5-1D13EFAAA748}"
EndProject
Project("{FAE04EC0-301F-11D3-BF4B-00C04F79EFBC}") = "SuavoAgent.Watchdog", "src\SuavoAgent.Watchdog\SuavoAgent.Watchdog.csproj", "{1D17D695-5DAA-4874-9D5E-BB64A847E021}"
EndProject
Project("{FAE04EC0-301F-11D3-BF4B-00C04F79EFBC}") = "SuavoAgent.Watchdog.Tests", "tests\SuavoAgent.Watchdog.Tests\SuavoAgent.Watchdog.Tests.csproj", "{D2465AC9-9A9C-4704-BC7E-11C6B7891260}"
EndProject
Project("{FAE04EC0-301F-11D3-BF4B-00C04F79EFBC}") = "SuavoAgent.Adapters.ComputerRx", "src\SuavoAgent.Adapters.ComputerRx\SuavoAgent.Adapters.ComputerRx.csproj", "{883F9B9B-B741-43D8-8EA6-827BAECD6E4D}"
EndProject
Project("{FAE04EC0-301F-11D3-BF4B-00C04F79EFBC}") = "SuavoAgent.Adapters.ComputerRx.Tests", "tests\SuavoAgent.Adapters.ComputerRx.Tests\SuavoAgent.Adapters.ComputerRx.Tests.csproj", "{78E57C7C-C481-44DD-9891-75D473F19BAC}"
EndProject
Global
	GlobalSection(SolutionConfigurationPlatforms) = preSolution
		Debug|Any CPU = Debug|Any CPU
		Release|Any CPU = Release|Any CPU
	EndGlobalSection
	GlobalSection(ProjectConfigurationPlatforms) = postSolution
		{A1B2C3D4-1111-1111-1111-000000000001}.Debug|Any CPU.ActiveCfg = Debug|Any CPU
		{A1B2C3D4-1111-1111-1111-000000000001}.Debug|Any CPU.Build.0 = Debug|Any CPU
		{A1B2C3D4-1111-1111-1111-000000000001}.Release|Any CPU.ActiveCfg = Release|Any CPU
		{A1B2C3D4-1111-1111-1111-000000000001}.Release|Any CPU.Build.0 = Release|Any CPU
		{A1B2C3D4-2222-2222-2222-000000000002}.Debug|Any CPU.ActiveCfg = Debug|Any CPU
		{A1B2C3D4-2222-2222-2222-000000000002}.Debug|Any CPU.Build.0 = Debug|Any CPU
		{A1B2C3D4-2222-2222-2222-000000000002}.Release|Any CPU.ActiveCfg = Release|Any CPU
		{A1B2C3D4-2222-2222-2222-000000000002}.Release|Any CPU.Build.0 = Release|Any CPU
		{A1B2C3D4-3333-3333-3333-000000000003}.Debug|Any CPU.ActiveCfg = Debug|Any CPU
		{A1B2C3D4-3333-3333-3333-000000000003}.Debug|Any CPU.Build.0 = Debug|Any CPU
		{A1B2C3D4-3333-3333-3333-000000000003}.Release|Any CPU.ActiveCfg = Release|Any CPU
		{A1B2C3D4-3333-3333-3333-000000000003}.Release|Any CPU.Build.0 = Release|Any CPU
		{A1B2C3D4-4444-4444-4444-000000000004}.Debug|Any CPU.ActiveCfg = Debug|Any CPU
		{A1B2C3D4-4444-4444-4444-000000000004}.Debug|Any CPU.Build.0 = Debug|Any CPU
		{A1B2C3D4-4444-4444-4444-000000000004}.Release|Any CPU.ActiveCfg = Release|Any CPU
		{A1B2C3D4-4444-4444-4444-000000000004}.Release|Any CPU.Build.0 = Release|Any CPU
		{A1B2C3D4-5555-5555-5555-000000000005}.Debug|Any CPU.ActiveCfg = Debug|Any CPU
		{A1B2C3D4-5555-5555-5555-000000000005}.Debug|Any CPU.Build.0 = Debug|Any CPU
		{A1B2C3D4-5555-5555-5555-000000000005}.Release|Any CPU.ActiveCfg = Release|Any CPU
		{A1B2C3D4-5555-5555-5555-000000000005}.Release|Any CPU.Build.0 = Release|Any CPU
		{A1B2C3D4-6666-6666-6666-000000000006}.Debug|Any CPU.ActiveCfg = Debug|Any CPU
		{A1B2C3D4-6666-6666-6666-000000000006}.Debug|Any CPU.Build.0 = Debug|Any CPU
		{A1B2C3D4-6666-6666-6666-000000000006}.Release|Any CPU.ActiveCfg = Release|Any CPU
		{A1B2C3D4-6666-6666-6666-000000000006}.Release|Any CPU.Build.0 = Release|Any CPU
		{A1B2C3D4-7777-7777-7777-000000000007}.Debug|Any CPU.ActiveCfg = Debug|Any CPU
		{A1B2C3D4-7777-7777-7777-000000000007}.Debug|Any CPU.Build.0 = Debug|Any CPU
		{A1B2C3D4-7777-7777-7777-000000000007}.Release|Any CPU.ActiveCfg = Release|Any CPU
		{A1B2C3D4-7777-7777-7777-000000000007}.Release|Any CPU.Build.0 = Release|Any CPU
		{A1B2C3D4-8888-8888-8888-000000000008}.Debug|Any CPU.ActiveCfg = Debug|Any CPU
		{A1B2C3D4-8888-8888-8888-000000000008}.Debug|Any CPU.Build.0 = Debug|Any CPU
		{A1B2C3D4-8888-8888-8888-000000000008}.Release|Any CPU.ActiveCfg = Release|Any CPU
		{A1B2C3D4-8888-8888-8888-000000000008}.Release|Any CPU.Build.0 = Release|Any CPU
		{3F4F7656-F20E-4E50-BDE4-1C3EE8AB5A18}.Debug|Any CPU.ActiveCfg = Debug|Any CPU
		{3F4F7656-F20E-4E50-BDE4-1C3EE8AB5A18}.Debug|Any CPU.Build.0 = Debug|Any CPU
		{3F4F7656-F20E-4E50-BDE4-1C3EE8AB5A18}.Release|Any CPU.ActiveCfg = Release|Any CPU
		{3F4F7656-F20E-4E50-BDE4-1C3EE8AB5A18}.Release|Any CPU.Build.0 = Release|Any CPU
		{68FD1BD2-D7CF-4A33-B639-0AC8A824DF20}.Debug|Any CPU.ActiveCfg = Debug|Any CPU
		{68FD1BD2-D7CF-4A33-B639-0AC8A824DF20}.Debug|Any CPU.Build.0 = Debug|Any CPU
		{68FD1BD2-D7CF-4A33-B639-0AC8A824DF20}.Release|Any CPU.ActiveCfg = Release|Any CPU
		{68FD1BD2-D7CF-4A33-B639-0AC8A824DF20}.Release|Any CPU.Build.0 = Release|Any CPU
		{CD69FF32-3DB3-4D3F-B1E5-1D13EFAAA748}.Debug|Any CPU.ActiveCfg = Debug|Any CPU
		{CD69FF32-3DB3-4D3F-B1E5-1D13EFAAA748}.Debug|Any CPU.Build.0 = Debug|Any CPU
		{CD69FF32-3DB3-4D3F-B1E5-1D13EFAAA748}.Release|Any CPU.ActiveCfg = Release|Any CPU
		{CD69FF32-3DB3-4D3F-B1E5-1D13EFAAA748}.Release|Any CPU.Build.0 = Release|Any CPU
		{1D17D695-5DAA-4874-9D5E-BB64A847E021}.Debug|Any CPU.ActiveCfg = Debug|Any CPU
		{1D17D695-5DAA-4874-9D5E-BB64A847E021}.Debug|Any CPU.Build.0 = Debug|Any CPU
		{1D17D695-5DAA-4874-9D5E-BB64A847E021}.Release|Any CPU.ActiveCfg = Release|Any CPU
		{1D17D695-5DAA-4874-9D5E-BB64A847E021}.Release|Any CPU.Build.0 = Release|Any CPU
		{D2465AC9-9A9C-4704-BC7E-11C6B7891260}.Debug|Any CPU.ActiveCfg = Debug|Any CPU
		{D2465AC9-9A9C-4704-BC7E-11C6B7891260}.Debug|Any CPU.Build.0 = Debug|Any CPU
		{D2465AC9-9A9C-4704-BC7E-11C6B7891260}.Release|Any CPU.ActiveCfg = Release|Any CPU
		{D2465AC9-9A9C-4704-BC7E-11C6B7891260}.Release|Any CPU.Build.0 = Release|Any CPU
		{883F9B9B-B741-43D8-8EA6-827BAECD6E4D}.Debug|Any CPU.ActiveCfg = Debug|Any CPU
		{883F9B9B-B741-43D8-8EA6-827BAECD6E4D}.Debug|Any CPU.Build.0 = Debug|Any CPU
		{883F9B9B-B741-43D8-8EA6-827BAECD6E4D}.Release|Any CPU.ActiveCfg = Release|Any CPU
		{883F9B9B-B741-43D8-8EA6-827BAECD6E4D}.Release|Any CPU.Build.0 = Release|Any CPU
		{78E57C7C-C481-44DD-9891-75D473F19BAC}.Debug|Any CPU.ActiveCfg = Debug|Any CPU
		{78E57C7C-C481-44DD-9891-75D473F19BAC}.Debug|Any CPU.Build.0 = Debug|Any CPU
		{78E57C7C-C481-44DD-9891-75D473F19BAC}.Release|Any CPU.ActiveCfg = Release|Any CPU
		{78E57C7C-C481-44DD-9891-75D473F19BAC}.Release|Any CPU.Build.0 = Release|Any CPU
	EndGlobalSection
	GlobalSection(NestedProjects) = preSolution
		{3F4F7656-F20E-4E50-BDE4-1C3EE8AB5A18} = {6DAB3597-E396-48AA-865A-6F01D958D91B}
		{68FD1BD2-D7CF-4A33-B639-0AC8A824DF20} = {81E7C2A3-67EE-43EE-963B-5B814870A94E}
		{CD69FF32-3DB3-4D3F-B1E5-1D13EFAAA748} = {81E7C2A3-67EE-43EE-963B-5B814870A94E}
		{1D17D695-5DAA-4874-9D5E-BB64A847E021} = {6DAB3597-E396-48AA-865A-6F01D958D91B}
		{D2465AC9-9A9C-4704-BC7E-11C6B7891260} = {81E7C2A3-67EE-43EE-963B-5B814870A94E}
		{883F9B9B-B741-43D8-8EA6-827BAECD6E4D} = {6DAB3597-E396-48AA-865A-6F01D958D91B}
		{78E57C7C-C481-44DD-9891-75D473F19BAC} = {81E7C2A3-67EE-43EE-963B-5B814870A94E}
	EndGlobalSection
EndGlobal
