{
  "version": 1,
  "dependencies": {
    "native,Version=v0.0": {
      "WixToolset.BootstrapperApplications.wixext": {
        "type": "Direct",
        "requested": "[7.0.0, )",
        "resolved": "7.0.0",
        "contentHash": "0pjlacC2uWUGzQYagFANxQeDhfq+lcwOucI8ztGPFAjfDo6kHasQxS2Vt49MgSnZsa6pynjiSn5JiWFS0Fvwxg=="
      },
      "WixToolset.Util.wixext": {
        "type": "Direct",
        "requested": "[7.0.0, )",
        "resolved": "7.0.0",
        "contentHash": "Ecz/118E0DcVKl/PFe1T6jJieY7RYAGZYfCBwcWodA6taqKx/LgFOev8o1mnNAfP7+NcdpCQNrcoww+EAtzPWQ=="
      }
    },
    "native,Version=v0.0/win-x64": {}
  }
}